
Microsoft Visual Studio Solution File, Format Version 12.00
# Visual Studio Version 17
VisualStudioVersion = 17.8.34322.80
MinimumVisualStudioVersion = 10.0.40219.1
Project("{9A19103F-16F7-4668-BE54-9A1E7A4F7556}") = "OOPCShrap", "OOPCShrap\OOPCShrap.csproj", "{35460C00-3A47-4E02-8950-256215C7534F}"
EndProject
Project("{FAE04EC0-301F-11D3-BF4B-00C04F79EFBC}") = "ExtenstionMethod", "ExtenstionMethod\ExtenstionMethod.csproj", "{05C4C386-3E1A-4969-8683-187166C55900}"
EndProject
Global
	GlobalSection(SolutionConfigurationPlatforms) = preSolution
		Debug|Any CPU = Debug|Any CPU
		Release|Any CPU = Release|Any CPU
	EndGlobalSection
	GlobalSection(ProjectConfigurationPlatforms) = postSolution
		{35460C00-3A47-4E02-8950-256215C7534F}.Debug|Any CPU.ActiveCfg = Debug|Any CPU
		{35460C00-3A47-4E02-8950-256215C7534F}.Debug|Any CPU.Build.0 = Debug|Any CPU
		{35460C00-3A47-4E02-8950-256215C7534F}.Release|Any CPU.ActiveCfg = Release|Any CPU
		{35460C00-3A47-4E02-8950-256215C7534F}.Release|Any CPU.Build.0 = Release|Any CPU
		{05C4C386-3E1A-4969-8683-187166C55900}.Debug|Any CPU.ActiveCfg = Debug|Any CPU
		{05C4C386-3E1A-4969-8683-187166C55900}.Debug|Any CPU.Build.0 = Debug|Any CPU
		{05C4C386-3E1A-4969-8683-187166C55900}.Release|Any CPU.ActiveCfg = Release|Any CPU
		{05C4C386-3E1A-4969-8683-187166C55900}.Release|Any CPU.Build.0 = Release|Any CPU
	EndGlobalSection
	GlobalSection(SolutionProperties) = preSolution
		HideSolutionNode = FALSE
	EndGlobalSection
	GlobalSection(ExtensibilityGlobals) = postSolution
		SolutionGuid = {CC9226B3-89EA-4B82-880B-8FE6C6C70423}
	EndGlobalSection
EndGlobal
